{
    "_readme": [
        "This file locks the dependencies of your project to a known state",
        "Read more about it at http://getcomposer.org/doc/01-basic-usage.md#composer-lock-the-lock-file",
        "This file is @generated automatically"
    ],
    "hash": "bf76ec9d2d821cf43f327c6a8ce0dcb8",
    "packages": [
        {
            "name": "dg/ftp-deployment",
            "version": "v2.1",
            "source": {
                "type": "git",
                "url": "https://github.com/dg/ftp-deployment.git",
                "reference": "88adcaf168a42b3e99900e386b0269280ddc790a"
            },
            "dist": {
                "type": "zip",
                "url": "https://api.github.com/repos/dg/ftp-deployment/zipball/88adcaf168a42b3e99900e386b0269280ddc790a",
                "reference": "88adcaf168a42b3e99900e386b0269280ddc790a",
                "shasum": ""
            },
            "require": {
                "php": ">=5.4.0"
            },
            "require-dev": {
                "nette/tester": "~1.3"
            },
            "bin": [
                "Deployment/deployment"
            ],
            "type": "project",
            "autoload": {
                "classmap": [
                    "Deployment/"
                ]
            },
            "license": [
                "BSD-3-Clause",
                "GPL-2.0",
                "GPL-3.0"
            ],
            "authors": [
                {
                    "name": "David Grudl",
                    "homepage": "http://davidgrudl.com"
                }
            ],
            "description": "A tool for automated deployment of web applications to an FTP server.",
            "homepage": "https://github.com/dg/ftp-deployment",
            "keywords": [
                "deployment",
                "ftp",
                "ssh"
            ],
            "support": {
                "source": "https://github.com/dg/ftp-deployment/tree/v2.1",
                "issues": "https://github.com/dg/ftp-deployment/issues"
            },
            "time": "2015-01-25 16:18:14"
        }
    ],
    "packages-dev": [],
    "aliases": [],
    "minimum-stability": "stable",
    "stability-flags": [],
    "prefer-stable": false,
    "prefer-lowest": false,
    "platform": [],
    "platform-dev": []
}
