{
    "_readme": [
        "This file locks the dependencies of your project to a known state",
        "Read more about it at http://getcomposer.org/doc/01-basic-usage.md#composer-lock-the-lock-file"
    ],
    "hash": "becc3fc91e0482a7da31ed5c7b858770",
    "packages": [
        {
            "name": "dg/ftp-deployment",
            "version": "v1.3",
            "source": {
                "type": "git",
                "url": "https://github.com/dg/ftp-deployment.git",
                "reference": "2e201715dfc75b0ee303051c96c396a3f03830f2"
            },
            "dist": {
                "type": "zip",
                "url": "https://api.github.com/repos/dg/ftp-deployment/zipball/2e201715dfc75b0ee303051c96c396a3f03830f2",
                "reference": "2e201715dfc75b0ee303051c96c396a3f03830f2",
                "shasum": ""
            },
            "bin": [
                "Deployment/deployment"
            ],
            "type": "tool",
            "license": [
                "BSD-3-Clause",
                "GPL-2.0",
                "GPL-3.0"
            ],
            "authors": [
                {
                    "name": "David Grudl",
                    "homepage": "http://davidgrudl.com"
                }
            ],
            "description": "A tool for automated deployment of web applications to an FTP server.",
            "homepage": "https://github.com/dg/ftp-deployment",
            "keywords": [
                "deployment",
                "ftp"
            ],
            "support": {
                "source": "https://github.com/dg/ftp-deployment/tree/v1.3",
                "issues": "https://github.com/dg/ftp-deployment/issues"
            },
            "time": "2014-03-10 18:34:58"
        }
    ],
    "packages-dev": [

    ],
    "aliases": [

    ],
    "minimum-stability": "stable",
    "stability-flags": [

    ],
    "platform": [

    ],
    "platform-dev": [

    ]
}
